
Microsoft Visual Studio Solution File, Format Version 12.00
# Visual Studio Version 16
VisualStudioVersion = 16.0.31515.178
MinimumVisualStudioVersion = 10.0.40219.1
Project("{9A19103F-16F7-4668-BE54-9A1E7A4F7556}") = "TestCSharp", "TestCSharp\TestCSharp.csproj", "{C88E819E-82D6-4773-8791-76733D097DBE}"
EndProject
Project("{FAE04EC0-301F-11D3-BF4B-00C04F79EFBC}") = "LoginForm", "LoginForm\LoginForm.csproj", "{A96F6F1F-330D-4B40-8284-5555ED1C5CCE}"
EndProject
Global
	GlobalSection(SolutionConfigurationPlatforms) = preSolution
		Debug|Any CPU = Debug|Any CPU
		Release|Any CPU = Release|Any CPU
	EndGlobalSection
	GlobalSection(ProjectConfigurationPlatforms) = postSolution
		{C88E819E-82D6-4773-8791-76733D097DBE}.Debug|Any CPU.ActiveCfg = Debug|Any CPU
		{C88E819E-82D6-4773-8791-76733D097DBE}.Debug|Any CPU.Build.0 = Debug|Any CPU
		{C88E819E-82D6-4773-8791-76733D097DBE}.Release|Any CPU.ActiveCfg = Release|Any CPU
		{C88E819E-82D6-4773-8791-76733D097DBE}.Release|Any CPU.Build.0 = Release|Any CPU
		{A96F6F1F-330D-4B40-8284-5555ED1C5CCE}.Debug|Any CPU.ActiveCfg = Debug|Any CPU
		{A96F6F1F-330D-4B40-8284-5555ED1C5CCE}.Debug|Any CPU.Build.0 = Debug|Any CPU
		{A96F6F1F-330D-4B40-8284-5555ED1C5CCE}.Release|Any CPU.ActiveCfg = Release|Any CPU
		{A96F6F1F-330D-4B40-8284-5555ED1C5CCE}.Release|Any CPU.Build.0 = Release|Any CPU
	EndGlobalSection
	GlobalSection(SolutionProperties) = preSolution
		HideSolutionNode = FALSE
	EndGlobalSection
	GlobalSection(ExtensibilityGlobals) = postSolution
		SolutionGuid = {E74DC763-CCF8-42A6-9909-C52CC4A08A61}
	EndGlobalSection
EndGlobal
